
Microsoft Visual Studio Solution File, Format Version 12.00
# Visual Studio Version 16
VisualStudioVersion = 16.0.31911.196
MinimumVisualStudioVersion = 10.0.40219.1
Project("{FAE04EC0-301F-11D3-BF4B-00C04F79EFBC}") = "Wpf_task_11", "Wpf_task_11\Wpf_task_11.csproj", "{A5FD4F40-9AC3-43AE-9519-C64FAAC8EFE3}"
EndProject
Global
	GlobalSection(SolutionConfigurationPlatforms) = preSolution
		Debug|Any CPU = Debug|Any CPU
		Release|Any CPU = Release|Any CPU
	EndGlobalSection
	GlobalSection(ProjectConfigurationPlatforms) = postSolution
		{A5FD4F40-9AC3-43AE-9519-C64FAAC8EFE3}.Debug|Any CPU.ActiveCfg = Debug|Any CPU
		{A5FD4F40-9AC3-43AE-9519-C64FAAC8EFE3}.Debug|Any CPU.Build.0 = Debug|Any CPU
		{A5FD4F40-9AC3-43AE-9519-C64FAAC8EFE3}.Release|Any CPU.ActiveCfg = Release|Any CPU
		{A5FD4F40-9AC3-43AE-9519-C64FAAC8EFE3}.Release|Any CPU.Build.0 = Release|Any CPU
	EndGlobalSection
	GlobalSection(SolutionProperties) = preSolution
		HideSolutionNode = FALSE
	EndGlobalSection
	GlobalSection(ExtensibilityGlobals) = postSolution
		SolutionGuid = {A1176889-35DF-4E6F-A0CA-8F8DFF2FB4BF}
	EndGlobalSection
EndGlobal
